
Microsoft Visual Studio Solution File, Format Version 12.00
# Visual Studio Version 17
VisualStudioVersion = 17.0.32112.339
MinimumVisualStudioVersion = 10.0.40219.1
Project("{FAE04EC0-301F-11D3-BF4B-00C04F79EFBC}") = "SAN.MessageBoxNonmodal", "SAN.MessageBoxNonmodal\SAN.MessageBoxNonmodal.csproj", "{73CC092C-AFA6-4B58-A0EC-906B45A60F30}"
EndProject
Global
	GlobalSection(SolutionConfigurationPlatforms) = preSolution
		Debug|Any CPU = Debug|Any CPU
		Release|Any CPU = Release|Any CPU
	EndGlobalSection
	GlobalSection(ProjectConfigurationPlatforms) = postSolution
		{73CC092C-AFA6-4B58-A0EC-906B45A60F30}.Debug|Any CPU.ActiveCfg = Debug|Any CPU
		{73CC092C-AFA6-4B58-A0EC-906B45A60F30}.Debug|Any CPU.Build.0 = Debug|Any CPU
		{73CC092C-AFA6-4B58-A0EC-906B45A60F30}.Release|Any CPU.ActiveCfg = Release|Any CPU
		{73CC092C-AFA6-4B58-A0EC-906B45A60F30}.Release|Any CPU.Build.0 = Release|Any CPU
	EndGlobalSection
	GlobalSection(SolutionProperties) = preSolution
		HideSolutionNode = FALSE
	EndGlobalSection
	GlobalSection(ExtensibilityGlobals) = postSolution
		SolutionGuid = {658540CA-A4F2-4E66-8FBA-C3B632042919}
	EndGlobalSection
EndGlobal
