
Microsoft Visual Studio Solution File, Format Version 12.00
# Visual Studio Version 16
VisualStudioVersion = 16.0.31702.278
MinimumVisualStudioVersion = 10.0.40219.1
Project("{FAE04EC0-301F-11D3-BF4B-00C04F79EFBC}") = "SAN.UIComboBox", "SAN.UIComboBox.csproj", "{BE200B1F-788B-472F-A1A7-4BA7D3983363}"
EndProject
Project("{FAE04EC0-301F-11D3-BF4B-00C04F79EFBC}") = "SAN.Converter", "..\SAN.Converter\SAN.Converter.csproj", "{75875061-E966-4515-91DF-F7D8EDBA6C02}"
EndProject
Global
	GlobalSection(SolutionConfigurationPlatforms) = preSolution
		Debug|Any CPU = Debug|Any CPU
		Release|Any CPU = Release|Any CPU
	EndGlobalSection
	GlobalSection(ProjectConfigurationPlatforms) = postSolution
		{BE200B1F-788B-472F-A1A7-4BA7D3983363}.Debug|Any CPU.ActiveCfg = Debug|Any CPU
		{BE200B1F-788B-472F-A1A7-4BA7D3983363}.Debug|Any CPU.Build.0 = Debug|Any CPU
		{BE200B1F-788B-472F-A1A7-4BA7D3983363}.Release|Any CPU.ActiveCfg = Release|Any CPU
		{BE200B1F-788B-472F-A1A7-4BA7D3983363}.Release|Any CPU.Build.0 = Release|Any CPU
		{75875061-E966-4515-91DF-F7D8EDBA6C02}.Debug|Any CPU.ActiveCfg = Debug|Any CPU
		{75875061-E966-4515-91DF-F7D8EDBA6C02}.Debug|Any CPU.Build.0 = Debug|Any CPU
		{75875061-E966-4515-91DF-F7D8EDBA6C02}.Release|Any CPU.ActiveCfg = Release|Any CPU
		{75875061-E966-4515-91DF-F7D8EDBA6C02}.Release|Any CPU.Build.0 = Release|Any CPU
	EndGlobalSection
	GlobalSection(SolutionProperties) = preSolution
		HideSolutionNode = FALSE
	EndGlobalSection
	GlobalSection(ExtensibilityGlobals) = postSolution
		SolutionGuid = {40320A60-87E6-4A89-9D9C-A167248D217E}
	EndGlobalSection
EndGlobal
