
Microsoft Visual Studio Solution File, Format Version 12.00
# Visual Studio Version 16
VisualStudioVersion = 16.0.31205.134
MinimumVisualStudioVersion = 10.0.40219.1
Project("{FAE04EC0-301F-11D3-BF4B-00C04F79EFBC}") = "Coinbook.HelperProject", "Coinbook.HelperProject.csproj", "{93467110-D9E7-43C1-A68C-14F13F37F6EF}"
EndProject
Project("{FAE04EC0-301F-11D3-BF4B-00C04F79EFBC}") = "Coinbook.Model", "..\Coinbook.Model\Coinbook.Model\Coinbook.Model.csproj", "{4734730D-9AF3-4BD9-9707-1972D01F186D}"
EndProject
Project("{FAE04EC0-301F-11D3-BF4B-00C04F79EFBC}") = "Coinbook.Enumerations", "..\Coinbook.Enumerations\Coinbook.Enumerations.csproj", "{12D3BB9C-9560-4F60-9321-BAE7B39AB7C2}"
EndProject
Project("{FAE04EC0-301F-11D3-BF4B-00C04F79EFBC}") = "Coinbook.Lokalisierung", "..\Coinbook.Lokalisierung\Coinbook.Lokalisierung.csproj", "{70A440CD-9C08-4685-B5A9-3D828D9814E5}"
EndProject
Project("{FAE04EC0-301F-11D3-BF4B-00C04F79EFBC}") = "LiteDB.Database", "..\LiteDB.Database\LiteDB.Database.csproj", "{BF0A2FCB-270D-4A8E-B1E3-52469D059550}"
EndProject
Global
	GlobalSection(SolutionConfigurationPlatforms) = preSolution
		Debug|Any CPU = Debug|Any CPU
		Release|Any CPU = Release|Any CPU
	EndGlobalSection
	GlobalSection(ProjectConfigurationPlatforms) = postSolution
		{93467110-D9E7-43C1-A68C-14F13F37F6EF}.Debug|Any CPU.ActiveCfg = Debug|Any CPU
		{93467110-D9E7-43C1-A68C-14F13F37F6EF}.Debug|Any CPU.Build.0 = Debug|Any CPU
		{93467110-D9E7-43C1-A68C-14F13F37F6EF}.Release|Any CPU.ActiveCfg = Release|Any CPU
		{93467110-D9E7-43C1-A68C-14F13F37F6EF}.Release|Any CPU.Build.0 = Release|Any CPU
		{4734730D-9AF3-4BD9-9707-1972D01F186D}.Debug|Any CPU.ActiveCfg = Debug|Any CPU
		{4734730D-9AF3-4BD9-9707-1972D01F186D}.Debug|Any CPU.Build.0 = Debug|Any CPU
		{4734730D-9AF3-4BD9-9707-1972D01F186D}.Release|Any CPU.ActiveCfg = Release|Any CPU
		{4734730D-9AF3-4BD9-9707-1972D01F186D}.Release|Any CPU.Build.0 = Release|Any CPU
		{12D3BB9C-9560-4F60-9321-BAE7B39AB7C2}.Debug|Any CPU.ActiveCfg = Debug|Any CPU
		{12D3BB9C-9560-4F60-9321-BAE7B39AB7C2}.Debug|Any CPU.Build.0 = Debug|Any CPU
		{12D3BB9C-9560-4F60-9321-BAE7B39AB7C2}.Release|Any CPU.ActiveCfg = Release|Any CPU
		{12D3BB9C-9560-4F60-9321-BAE7B39AB7C2}.Release|Any CPU.Build.0 = Release|Any CPU
		{70A440CD-9C08-4685-B5A9-3D828D9814E5}.Debug|Any CPU.ActiveCfg = Debug|Any CPU
		{70A440CD-9C08-4685-B5A9-3D828D9814E5}.Debug|Any CPU.Build.0 = Debug|Any CPU
		{70A440CD-9C08-4685-B5A9-3D828D9814E5}.Release|Any CPU.ActiveCfg = Release|Any CPU
		{70A440CD-9C08-4685-B5A9-3D828D9814E5}.Release|Any CPU.Build.0 = Release|Any CPU
		{BF0A2FCB-270D-4A8E-B1E3-52469D059550}.Debug|Any CPU.ActiveCfg = Debug|Any CPU
		{BF0A2FCB-270D-4A8E-B1E3-52469D059550}.Debug|Any CPU.Build.0 = Debug|Any CPU
		{BF0A2FCB-270D-4A8E-B1E3-52469D059550}.Release|Any CPU.ActiveCfg = Release|Any CPU
		{BF0A2FCB-270D-4A8E-B1E3-52469D059550}.Release|Any CPU.Build.0 = Release|Any CPU
	EndGlobalSection
	GlobalSection(SolutionProperties) = preSolution
		HideSolutionNode = FALSE
	EndGlobalSection
	GlobalSection(ExtensibilityGlobals) = postSolution
		SolutionGuid = {E3B8F4D4-8820-467F-8D7F-0E9F73A4A73C}
	EndGlobalSection
EndGlobal
