
Microsoft Visual Studio Solution File, Format Version 12.00
# Visual Studio Version 16
VisualStudioVersion = 16.0.31205.134
MinimumVisualStudioVersion = 10.0.40219.1
Project("{FAE04EC0-301F-11D3-BF4B-00C04F79EFBC}") = "OleDB", "oledb\OleDB.csproj", "{C0BFF8B5-EA30-46E2-A97A-D9FE66E44FAB}"
EndProject
Global
	GlobalSection(SolutionConfigurationPlatforms) = preSolution
		Debug|Any CPU = Debug|Any CPU
		Release|Any CPU = Release|Any CPU
	EndGlobalSection
	GlobalSection(ProjectConfigurationPlatforms) = postSolution
		{C0BFF8B5-EA30-46E2-A97A-D9FE66E44FAB}.Debug|Any CPU.ActiveCfg = Debug|Any CPU
		{C0BFF8B5-EA30-46E2-A97A-D9FE66E44FAB}.Debug|Any CPU.Build.0 = Debug|Any CPU
		{C0BFF8B5-EA30-46E2-A97A-D9FE66E44FAB}.Release|Any CPU.ActiveCfg = Release|Any CPU
		{C0BFF8B5-EA30-46E2-A97A-D9FE66E44FAB}.Release|Any CPU.Build.0 = Release|Any CPU
	EndGlobalSection
	GlobalSection(SolutionProperties) = preSolution
		HideSolutionNode = FALSE
	EndGlobalSection
	GlobalSection(ExtensibilityGlobals) = postSolution
		SolutionGuid = {FE8FFA78-0474-44CB-B71B-79F87F253659}
	EndGlobalSection
EndGlobal
