
Microsoft Visual Studio Solution File, Format Version 12.00
# Visual Studio Version 16
VisualStudioVersion = 16.0.31205.134
MinimumVisualStudioVersion = 10.0.40219.1
Project("{FAE04EC0-301F-11D3-BF4B-00C04F79EFBC}") = "SAN.Screen", "SAN.Screen\SAN.Screen.csproj", "{33AF83EF-592C-44ED-B2CE-1059ADAB041E}"
EndProject
Global
	GlobalSection(SolutionConfigurationPlatforms) = preSolution
		Debug|Any CPU = Debug|Any CPU
		Release|Any CPU = Release|Any CPU
	EndGlobalSection
	GlobalSection(ProjectConfigurationPlatforms) = postSolution
		{33AF83EF-592C-44ED-B2CE-1059ADAB041E}.Debug|Any CPU.ActiveCfg = Debug|Any CPU
		{33AF83EF-592C-44ED-B2CE-1059ADAB041E}.Debug|Any CPU.Build.0 = Debug|Any CPU
		{33AF83EF-592C-44ED-B2CE-1059ADAB041E}.Release|Any CPU.ActiveCfg = Release|Any CPU
		{33AF83EF-592C-44ED-B2CE-1059ADAB041E}.Release|Any CPU.Build.0 = Release|Any CPU
	EndGlobalSection
	GlobalSection(SolutionProperties) = preSolution
		HideSolutionNode = FALSE
	EndGlobalSection
	GlobalSection(ExtensibilityGlobals) = postSolution
		SolutionGuid = {7148B26C-400C-44D3-9DD1-B657A5A19900}
	EndGlobalSection
EndGlobal
